{
  "nodes": {
    "home-manager": {
      "inputs": {
        "nixpkgs": [
          "nixpkgs"
        ]
      },
      "locked": {
        "lastModified": 1665475263,
        "narHash": "sha256-T4at7d+KsQNWh5rfjvOtQCaIMWjSDlSgQZKvxb+LcEY=",
        "owner": "nix-community",
        "repo": "home-manager",
        "rev": "17208be516fc36e2ab0ceb064d931e90eb88b2a3",
        "type": "github"
      },
      "original": {
        "owner": "nix-community",
        "ref": "release-22.05",
        "repo": "home-manager",
        "type": "github"
      }
    },
    "nixpkgs": {
      "locked": {
        "lastModified": 1665613119,
        "narHash": "sha256-VTutbv5YKeBGWou6ladtgfx11h6et+Wlkdyh4jPJ3p0=",
        "owner": "nixos",
        "repo": "nixpkgs",
        "rev": "e06bd4b64bbfda91d74f13cb5eca89485d47528f",
        "type": "github"
      },
      "original": {
        "owner": "nixos",
        "ref": "release-22.05",
        "repo": "nixpkgs",
        "type": "github"
      }
    },
    "nixpkgs-unstable": {
      "locked": {
        "lastModified": 1665634984,
        "narHash": "sha256-zwXeMc96BD9iFxSB/SLr3dI8iYpqM+seX9qy6bGV+cw=",
        "owner": "nixos",
        "repo": "nixpkgs",
        "rev": "cfea568da97a2668ef3cb3fc42eaacfb0e706807",
        "type": "github"
      },
      "original": {
        "owner": "nixos",
        "ref": "nixpkgs-unstable",
        "repo": "nixpkgs",
        "type": "github"
      }
    },
    "root": {
      "inputs": {
        "home-manager": "home-manager",
        "nixpkgs": "nixpkgs",
        "nixpkgs-unstable": "nixpkgs-unstable"
      }
    }
  },
  "root": "root",
  "version": 7
}
